// !$*UTF8*$!
{
	archiveVersion = 1;
	classes = {
	};
	objectVersion = 46;
	objects = {

/* Begin PBXAggregateTarget section */
		F64EEEA7B169F2AB969BDF03 /* JZReverb - All */ = {
			isa = PBXAggregateTarget;
			buildConfigurationList = 2ED7F1000B56F66F34D0F6B8;
			buildPhases = (
			);
			dependencies = (
				67054B3A09CA24B54E3733EC,
				1A84271E41AFA0150E92C726,
				A5858EC3A226CCD4BC756E40,
			);
			name = "JZReverb - All";
			productName = JZReverb;
		};
/* End PBXAggregateTarget section */

/* Begin PBXBuildFile section */
		0A591F6CAA122CF322173363 /* QuartzCore.framework */ = {isa = PBXBuildFile; fileRef = F4E93F8BB550F30FF861594B; };
		18CD76D39D55D4ECA91BD516 /* include_juce_gui_basics.mm */ = {isa = PBXBuildFile; fileRef = AE2B2093C44EB7A8941332E8; };
		1F52DAD6E0C04F4F34C07643 /* CoreMIDI.framework */ = {isa = PBXBuildFile; fileRef = 221EA4A763648377D72E0CC4; };
		27712957B93E2B842C21CDDF /* CoreAudio.framework */ = {isa = PBXBuildFile; fileRef = 8D36227E47A080E2D7A3C454; };
		2A666348ED255FE768F95E92 /* include_juce_audio_formats.mm */ = {isa = PBXBuildFile; fileRef = CB12BC4370F560286419EBA7; };
		313677A3C7A841039B17C4BF /* AudioToolbox.framework */ = {isa = PBXBuildFile; fileRef = 0140FA4E3763C808FF7E16E9; };
		4087312FFAB422843C4CC5E6 /* Carbon.framework */ = {isa = PBXBuildFile; fileRef = E137609ED851AA6891301724; };
		4096F2CEADBDF4D7FD18BC6A /* JZReverb.cpp */ = {isa = PBXBuildFile; fileRef = 20EA02FE052FCC4059143EBA; };
		41E9F8FC3161ED5AE7B611D7 /* Diffuser.cpp */ = {isa = PBXBuildFile; fileRef = B149D5436D15FD750D176A71; };
		452353F1A84B70674D9F5DD9 /* VST3 */ = {isa = PBXBuildFile; fileRef = EFA3F11CC6161FDF103469E6; };
		55CF8965A2BC6DC65797AEC1 /* DiscRecording.framework */ = {isa = PBXBuildFile; fileRef = F0F65918C4EACECF6460EA76; };
		58CD540A155237C649059153 /* include_juce_audio_plugin_client_VST_utils.mm */ = {isa = PBXBuildFile; fileRef = 7F73A2EBFA9473606FF749A8; };
		5DF8550C6F107F005A4C243D /* include_juce_events.mm */ = {isa = PBXBuildFile; fileRef = 74C6F8B2CFD6993F6ED1E1F5; };
		676A3C1425839469BBA5D9FA /* include_juce_audio_devices.mm */ = {isa = PBXBuildFile; fileRef = C557B0CBF053BF105ABC385A; };
		6BBE8DC0F7F85C64DE0713F7 /* Cocoa.framework */ = {isa = PBXBuildFile; fileRef = 3E5FF8AE922D549F47D56F93; };
		746B63C204C161DEACAF2A3D /* include_juce_audio_plugin_client_VST3.cpp */ = {isa = PBXBuildFile; fileRef = BD8652E0FB08AADE20A9CF1E; };
		76BA0F933C7D86107986750E /* include_juce_audio_basics.mm */ = {isa = PBXBuildFile; fileRef = 1084A0F097612D744B4245E9; };
		78E6C5CCFF7F1F3EAFA11A28 /* RecentFilesMenuTemplate.nib */ = {isa = PBXBuildFile; fileRef = A499B3DB7ED27DF13E438D11; };
		7BBF6E87E047C45674BB74D1 /* Householder.cpp */ = {isa = PBXBuildFile; fileRef = 1519E32A1AE5C65BCDEA9136; };
		82B7FCB296280423683D4376 /* include_juce_audio_utils.mm */ = {isa = PBXBuildFile; fileRef = 87B0292A7028597CB0071FAB; };
		9702597A6AADD92ACA716B41 /* PluginEditor.cpp */ = {isa = PBXBuildFile; fileRef = CE2C60122BBC1D97B9AA2758; };
		9C91765115F61E8AE7BCD50D /* IOKit.framework */ = {isa = PBXBuildFile; fileRef = 8BE2CC92F423E69AA9A596CD; };
		9E1CFF99D5C53828B6B4632F /* Delayer.cpp */ = {isa = PBXBuildFile; fileRef = A1591A01E5F020AD31442FF1; };
		A97532F315136EA8D95C1292 /* Standalone Plugin */ = {isa = PBXBuildFile; fileRef = EFE7A332F2E57A22F6CB4899; };
		AA59A63D014D4BAB97FACD00 /* include_juce_audio_plugin_client_Standalone.cpp */ = {isa = PBXBuildFile; fileRef = 89D0CC66CEB597A7BD18D15A; };
		ABD2CA569CB56C4AA0C0772F /* include_juce_gui_extra.mm */ = {isa = PBXBuildFile; fileRef = E0C3BD74AFE818F93863DA1D; };
		AD4B5AB355B0993D3F0DF86F /* FDN.cpp */ = {isa = PBXBuildFile; fileRef = F812D77BA7192C7045DB5A16; };
		AD64ABB54A71A9AA53941520 /* Hadamard.cpp */ = {isa = PBXBuildFile; fileRef = 4EFFC33DBBE41DFDAE5DAA9F; };
		B680A4F10C235421D4416BA2 /* Shared Code */ = {isa = PBXBuildFile; fileRef = 108B1BB9022A0611C177C335; };
		C8CEBF54917CA47636F4AB3F /* CoreAudioKit.framework */ = {isa = PBXBuildFile; fileRef = E4F1EABF8105D854A9F57D9D; };
		D519619B1CFE79254184B2EA /* include_juce_audio_processors.mm */ = {isa = PBXBuildFile; fileRef = 15F111C01372AE141A094252; };
		D58BB35B9DDB6577B9EC732A /* Foundation.framework */ = {isa = PBXBuildFile; fileRef = 559CD288F7968C54D5C66B34; };
		D9B611E5D1B8077261FDE02B /* include_juce_data_structures.mm */ = {isa = PBXBuildFile; fileRef = 6E8D2C4F9075C9C76EABC4A4; };
		DB3BB4458674E85DB05B7F60 /* include_juce_core.mm */ = {isa = PBXBuildFile; fileRef = AD20CC7055AF4742FECDE167; };
		E074902C0F5E71CD3448A3EB /* PluginProcessor.cpp */ = {isa = PBXBuildFile; fileRef = C82D963EF92C5A867393BF4C; };
		E097C9C114A1147BFDA42003 /* include_juce_audio_plugin_client_utils.cpp */ = {isa = PBXBuildFile; fileRef = E335E35524C335837AAE0C7A; };
		E4678D5D0548B7E1525523A9 /* WebKit.framework */ = {isa = PBXBuildFile; fileRef = 495E973EF7CB31056DE57618; };
		EDD198DBE8650E8A2129DE12 /* Accelerate.framework */ = {isa = PBXBuildFile; fileRef = 7A7A159BA3D049D912E2D6A6; };
		FC9F848EA662BDEC39B17E23 /* include_juce_graphics.mm */ = {isa = PBXBuildFile; fileRef = 061C52BFC9F93C3ACF1FC2D2; };
/* End PBXBuildFile section */

/* Begin PBXFileReference section */
		0140FA4E3763C808FF7E16E9 /* AudioToolbox.framework */ /* AudioToolbox.framework */ = {isa = PBXFileReference; lastKnownFileType = wrapper.framework; name = AudioToolbox.framework; path = System/Library/Frameworks/AudioToolbox.framework; sourceTree = SDKROOT; };
		025048F85B06D226E694A9A0 /* Householder.h */ /* Householder.h */ = {isa = PBXFileReference; lastKnownFileType = sourcecode.c.h; name = Householder.h; path = ../../Source/Householder.h; sourceTree = SOURCE_ROOT; };
		061C52BFC9F93C3ACF1FC2D2 /* include_juce_graphics.mm */ /* include_juce_graphics.mm */ = {isa = PBXFileReference; lastKnownFileType = sourcecode.cpp.objcpp; name = include_juce_graphics.mm; path = ../../JuceLibraryCode/include_juce_graphics.mm; sourceTree = SOURCE_ROOT; };
		0637F057B475A6353C93FE7D /* Info-VST3.plist */ /* Info-VST3.plist */ = {isa = PBXFileReference; lastKnownFileType = text.plist.xml; name = "Info-VST3.plist"; path = "Info-VST3.plist"; sourceTree = SOURCE_ROOT; };
		0F461DDECAB73B420159A69C /* Hadamard.h */ /* Hadamard.h */ = {isa = PBXFileReference; lastKnownFileType = sourcecode.c.h; name = Hadamard.h; path = ../../Source/Hadamard.h; sourceTree = SOURCE_ROOT; };
		1084A0F097612D744B4245E9 /* include_juce_audio_basics.mm */ /* include_juce_audio_basics.mm */ = {isa = PBXFileReference; lastKnownFileType = sourcecode.cpp.objcpp; name = include_juce_audio_basics.mm; path = ../../JuceLibraryCode/include_juce_audio_basics.mm; sourceTree = SOURCE_ROOT; };
		108B1BB9022A0611C177C335 /* Shared Code */ = {isa = PBXFileReference; explicitFileType = archive.ar; includeInIndex = 0; path = libJZReverb.a; sourceTree = BUILT_PRODUCTS_DIR; };
		1519E32A1AE5C65BCDEA9136 /* Householder.cpp */ /* Householder.cpp */ = {isa = PBXFileReference; lastKnownFileType = sourcecode.cpp.cpp; name = Householder.cpp; path = ../../Source/Householder.cpp; sourceTree = SOURCE_ROOT; };
		15F111C01372AE141A094252 /* include_juce_audio_processors.mm */ /* include_juce_audio_processors.mm */ = {isa = PBXFileReference; lastKnownFileType = sourcecode.cpp.objcpp; name = include_juce_audio_processors.mm; path = ../../JuceLibraryCode/include_juce_audio_processors.mm; sourceTree = SOURCE_ROOT; };
		20EA02FE052FCC4059143EBA /* JZReverb.cpp */ /* JZReverb.cpp */ = {isa = PBXFileReference; lastKnownFileType = sourcecode.cpp.cpp; name = JZReverb.cpp; path = ../../Source/JZReverb.cpp; sourceTree = SOURCE_ROOT; };
		221EA4A763648377D72E0CC4 /* CoreMIDI.framework */ /* CoreMIDI.framework */ = {isa = PBXFileReference; lastKnownFileType = wrapper.framework; name = CoreMIDI.framework; path = System/Library/Frameworks/CoreMIDI.framework; sourceTree = SDKROOT; };
		2A04DD4BDB761446AB564997 /* juce_audio_utils */ /* juce_audio_utils */ = {isa = PBXFileReference; lastKnownFileType = folder; name = juce_audio_utils; path = /Users/jacobzeisel/Desktop/JUCE/modules/juce_audio_utils; sourceTree = "<absolute>"; };
		345B0B30CE80986F96E24EEF /* juce_core */ /* juce_core */ = {isa = PBXFileReference; lastKnownFileType = folder; name = juce_core; path = /Users/jacobzeisel/Desktop/JUCE/modules/juce_core; sourceTree = "<absolute>"; };
		38D5FDB516BD72D2E67A57A8 /* Diffuser.h */ /* Diffuser.h */ = {isa = PBXFileReference; lastKnownFileType = sourcecode.c.h; name = Diffuser.h; path = ../../Source/Diffuser.h; sourceTree = SOURCE_ROOT; };
		3966974939A40BCC072C0FFD /* juce_audio_processors */ /* juce_audio_processors */ = {isa = PBXFileReference; lastKnownFileType = folder; name = juce_audio_processors; path = /Users/jacobzeisel/Desktop/JUCE/modules/juce_audio_processors; sourceTree = "<absolute>"; };
		3AF3721AA54C527322725A33 /* Delayer.h */ /* Delayer.h */ = {isa = PBXFileReference; lastKnownFileType = sourcecode.c.h; name = Delayer.h; path = ../../Source/Delayer.h; sourceTree = SOURCE_ROOT; };
		3E5FF8AE922D549F47D56F93 /* Cocoa.framework */ /* Cocoa.framework */ = {isa = PBXFileReference; lastKnownFileType = wrapper.framework; name = Cocoa.framework; path = System/Library/Frameworks/Cocoa.framework; sourceTree = SDKROOT; };
		3E64A66ABBB83054B025F632 /* utilities.h */ /* utilities.h */ = {isa = PBXFileReference; lastKnownFileType = sourcecode.c.h; name = utilities.h; path = ../../Source/utilities.h; sourceTree = SOURCE_ROOT; };
		495E973EF7CB31056DE57618 /* WebKit.framework */ /* WebKit.framework */ = {isa = PBXFileReference; lastKnownFileType = wrapper.framework; name = WebKit.framework; path = System/Library/Frameworks/WebKit.framework; sourceTree = SDKROOT; };
		4EFFC33DBBE41DFDAE5DAA9F /* Hadamard.cpp */ /* Hadamard.cpp */ = {isa = PBXFileReference; lastKnownFileType = sourcecode.cpp.cpp; name = Hadamard.cpp; path = ../../Source/Hadamard.cpp; sourceTree = SOURCE_ROOT; };
		52964B6266DD3B8817DC7AE7 /* juce_audio_formats */ /* juce_audio_formats */ = {isa = PBXFileReference; lastKnownFileType = folder; name = juce_audio_formats; path = /Users/jacobzeisel/Desktop/JUCE/modules/juce_audio_formats; sourceTree = "<absolute>"; };
		559CD288F7968C54D5C66B34 /* Foundation.framework */ /* Foundation.framework */ = {isa = PBXFileReference; lastKnownFileType = wrapper.framework; name = Foundation.framework; path = System/Library/Frameworks/Foundation.framework; sourceTree = SDKROOT; };
		572DC3C54594670DF8D3F8CE /* juce_audio_basics */ /* juce_audio_basics */ = {isa = PBXFileReference; lastKnownFileType = folder; name = juce_audio_basics; path = /Users/jacobzeisel/Desktop/JUCE/modules/juce_audio_basics; sourceTree = "<absolute>"; };
		693A43E63AF902696C272E2E /* JZReverb.h */ /* JZReverb.h */ = {isa = PBXFileReference; lastKnownFileType = sourcecode.c.h; name = JZReverb.h; path = ../../Source/JZReverb.h; sourceTree = SOURCE_ROOT; };
		6C220DF61531C3B650A81AED /* PluginEditor.h */ /* PluginEditor.h */ = {isa = PBXFileReference; lastKnownFileType = sourcecode.c.h; name = PluginEditor.h; path = ../../Source/PluginEditor.h; sourceTree = SOURCE_ROOT; };
		6E8D2C4F9075C9C76EABC4A4 /* include_juce_data_structures.mm */ /* include_juce_data_structures.mm */ = {isa = PBXFileReference; lastKnownFileType = sourcecode.cpp.objcpp; name = include_juce_data_structures.mm; path = ../../JuceLibraryCode/include_juce_data_structures.mm; sourceTree = SOURCE_ROOT; };
		74C6F8B2CFD6993F6ED1E1F5 /* include_juce_events.mm */ /* include_juce_events.mm */ = {isa = PBXFileReference; lastKnownFileType = sourcecode.cpp.objcpp; name = include_juce_events.mm; path = ../../JuceLibraryCode/include_juce_events.mm; sourceTree = SOURCE_ROOT; };
		79A4D160E3DB7EDD30DDD185 /* juce_audio_devices */ /* juce_audio_devices */ = {isa = PBXFileReference; lastKnownFileType = folder; name = juce_audio_devices; path = /Users/jacobzeisel/Desktop/JUCE/modules/juce_audio_devices; sourceTree = "<absolute>"; };
		7A7A159BA3D049D912E2D6A6 /* Accelerate.framework */ /* Accelerate.framework */ = {isa = PBXFileReference; lastKnownFileType = wrapper.framework; name = Accelerate.framework; path = System/Library/Frameworks/Accelerate.framework; sourceTree = SDKROOT; };
		7AE064C0078E1D44856F983C /* JuceHeader.h */ /* JuceHeader.h */ = {isa = PBXFileReference; lastKnownFileType = sourcecode.c.h; name = JuceHeader.h; path = ../../JuceLibraryCode/JuceHeader.h; sourceTree = SOURCE_ROOT; };
		7F73A2EBFA9473606FF749A8 /* include_juce_audio_plugin_client_VST_utils.mm */ /* include_juce_audio_plugin_client_VST_utils.mm */ = {isa = PBXFileReference; lastKnownFileType = sourcecode.cpp.objcpp; name = include_juce_audio_plugin_client_VST_utils.mm; path = ../../JuceLibraryCode/include_juce_audio_plugin_client_VST_utils.mm; sourceTree = SOURCE_ROOT; };
		87B0292A7028597CB0071FAB /* include_juce_audio_utils.mm */ /* include_juce_audio_utils.mm */ = {isa = PBXFileReference; lastKnownFileType = sourcecode.cpp.objcpp; name = include_juce_audio_utils.mm; path = ../../JuceLibraryCode/include_juce_audio_utils.mm; sourceTree = SOURCE_ROOT; };
		89D0CC66CEB597A7BD18D15A /* include_juce_audio_plugin_client_Standalone.cpp */ /* include_juce_audio_plugin_client_Standalone.cpp */ = {isa = PBXFileReference; lastKnownFileType = sourcecode.cpp.cpp; name = include_juce_audio_plugin_client_Standalone.cpp; path = ../../JuceLibraryCode/include_juce_audio_plugin_client_Standalone.cpp; sourceTree = SOURCE_ROOT; };
		8BE2CC92F423E69AA9A596CD /* IOKit.framework */ /* IOKit.framework */ = {isa = PBXFileReference; lastKnownFileType = wrapper.framework; name = IOKit.framework; path = System/Library/Frameworks/IOKit.framework; sourceTree = SDKROOT; };
		8D36227E47A080E2D7A3C454 /* CoreAudio.framework */ /* CoreAudio.framework */ = {isa = PBXFileReference; lastKnownFileType = wrapper.framework; name = CoreAudio.framework; path = System/Library/Frameworks/CoreAudio.framework; sourceTree = SDKROOT; };
		98F2D4C11E3C55995B978801 /* Info-Standalone_Plugin.plist */ /* Info-Standalone_Plugin.plist */ = {isa = PBXFileReference; lastKnownFileType = text.plist.xml; name = "Info-Standalone_Plugin.plist"; path = "Info-Standalone_Plugin.plist"; sourceTree = SOURCE_ROOT; };
		9CFB7E4A750F6F253E83801F /* PluginProcessor.h */ /* PluginProcessor.h */ = {isa = PBXFileReference; lastKnownFileType = sourcecode.c.h; name = PluginProcessor.h; path = ../../Source/PluginProcessor.h; sourceTree = SOURCE_ROOT; };
		9D6FAE274F18830865B83C51 /* juce_events */ /* juce_events */ = {isa = PBXFileReference; lastKnownFileType = folder; name = juce_events; path = /Users/jacobzeisel/Desktop/JUCE/modules/juce_events; sourceTree = "<absolute>"; };
		A1591A01E5F020AD31442FF1 /* Delayer.cpp */ /* Delayer.cpp */ = {isa = PBXFileReference; lastKnownFileType = sourcecode.cpp.cpp; name = Delayer.cpp; path = ../../Source/Delayer.cpp; sourceTree = SOURCE_ROOT; };
		A499B3DB7ED27DF13E438D11 /* RecentFilesMenuTemplate.nib */ /* RecentFilesMenuTemplate.nib */ = {isa = PBXFileReference; lastKnownFileType = file.nib; name = RecentFilesMenuTemplate.nib; path = RecentFilesMenuTemplate.nib; sourceTree = SOURCE_ROOT; };
		AD20CC7055AF4742FECDE167 /* include_juce_core.mm */ /* include_juce_core.mm */ = {isa = PBXFileReference; lastKnownFileType = sourcecode.cpp.objcpp; name = include_juce_core.mm; path = ../../JuceLibraryCode/include_juce_core.mm; sourceTree = SOURCE_ROOT; };
		AE2B2093C44EB7A8941332E8 /* include_juce_gui_basics.mm */ /* include_juce_gui_basics.mm */ = {isa = PBXFileReference; lastKnownFileType = sourcecode.cpp.objcpp; name = include_juce_gui_basics.mm; path = ../../JuceLibraryCode/include_juce_gui_basics.mm; sourceTree = SOURCE_ROOT; };
		B0E5FA890A95D45230CF2205 /* JucePluginDefines.h */ /* JucePluginDefines.h */ = {isa = PBXFileReference; lastKnownFileType = sourcecode.c.h; name = JucePluginDefines.h; path = ../../JuceLibraryCode/JucePluginDefines.h; sourceTree = SOURCE_ROOT; };
		B149D5436D15FD750D176A71 /* Diffuser.cpp */ /* Diffuser.cpp */ = {isa = PBXFileReference; lastKnownFileType = sourcecode.cpp.cpp; name = Diffuser.cpp; path = ../../Source/Diffuser.cpp; sourceTree = SOURCE_ROOT; };
		B55A23B5BE27EC8318E074D5 /* juce_gui_extra */ /* juce_gui_extra */ = {isa = PBXFileReference; lastKnownFileType = folder; name = juce_gui_extra; path = /Users/jacobzeisel/Desktop/JUCE/modules/juce_gui_extra; sourceTree = "<absolute>"; };
		B55F44843730FFBD30E1D2C9 /* juce_audio_plugin_client */ /* juce_audio_plugin_client */ = {isa = PBXFileReference; lastKnownFileType = folder; name = juce_audio_plugin_client; path = /Users/jacobzeisel/Desktop/JUCE/modules/juce_audio_plugin_client; sourceTree = "<absolute>"; };
		BD8652E0FB08AADE20A9CF1E /* include_juce_audio_plugin_client_VST3.cpp */ /* include_juce_audio_plugin_client_VST3.cpp */ = {isa = PBXFileReference; lastKnownFileType = sourcecode.cpp.cpp; name = include_juce_audio_plugin_client_VST3.cpp; path = ../../JuceLibraryCode/include_juce_audio_plugin_client_VST3.cpp; sourceTree = SOURCE_ROOT; };
		C557B0CBF053BF105ABC385A /* include_juce_audio_devices.mm */ /* include_juce_audio_devices.mm */ = {isa = PBXFileReference; lastKnownFileType = sourcecode.cpp.objcpp; name = include_juce_audio_devices.mm; path = ../../JuceLibraryCode/include_juce_audio_devices.mm; sourceTree = SOURCE_ROOT; };
		C79582BDF61816080F67D1EB /* juce_graphics */ /* juce_graphics */ = {isa = PBXFileReference; lastKnownFileType = folder; name = juce_graphics; path = /Users/jacobzeisel/Desktop/JUCE/modules/juce_graphics; sourceTree = "<absolute>"; };
		C82D963EF92C5A867393BF4C /* PluginProcessor.cpp */ /* PluginProcessor.cpp */ = {isa = PBXFileReference; lastKnownFileType = sourcecode.cpp.cpp; name = PluginProcessor.cpp; path = ../../Source/PluginProcessor.cpp; sourceTree = SOURCE_ROOT; };
		CB12BC4370F560286419EBA7 /* include_juce_audio_formats.mm */ /* include_juce_audio_formats.mm */ = {isa = PBXFileReference; lastKnownFileType = sourcecode.cpp.objcpp; name = include_juce_audio_formats.mm; path = ../../JuceLibraryCode/include_juce_audio_formats.mm; sourceTree = SOURCE_ROOT; };
		CE2C60122BBC1D97B9AA2758 /* PluginEditor.cpp */ /* PluginEditor.cpp */ = {isa = PBXFileReference; lastKnownFileType = sourcecode.cpp.cpp; name = PluginEditor.cpp; path = ../../Source/PluginEditor.cpp; sourceTree = SOURCE_ROOT; };
		DC57A2A82A920927A5F47333 /* juce_gui_basics */ /* juce_gui_basics */ = {isa = PBXFileReference; lastKnownFileType = folder; name = juce_gui_basics; path = /Users/jacobzeisel/Desktop/JUCE/modules/juce_gui_basics; sourceTree = "<absolute>"; };
		DEFE65878C8012B7ADD3D203 /* FDN.h */ /* FDN.h */ = {isa = PBXFileReference; lastKnownFileType = sourcecode.c.h; name = FDN.h; path = ../../Source/FDN.h; sourceTree = SOURCE_ROOT; };
		E0C3BD74AFE818F93863DA1D /* include_juce_gui_extra.mm */ /* include_juce_gui_extra.mm */ = {isa = PBXFileReference; lastKnownFileType = sourcecode.cpp.objcpp; name = include_juce_gui_extra.mm; path = ../../JuceLibraryCode/include_juce_gui_extra.mm; sourceTree = SOURCE_ROOT; };
		E103486EA2509B44AA3204AF /* juce_data_structures */ /* juce_data_structures */ = {isa = PBXFileReference; lastKnownFileType = folder; name = juce_data_structures; path = /Users/jacobzeisel/Desktop/JUCE/modules/juce_data_structures; sourceTree = "<absolute>"; };
		E137609ED851AA6891301724 /* Carbon.framework */ /* Carbon.framework */ = {isa = PBXFileReference; lastKnownFileType = wrapper.framework; name = Carbon.framework; path = System/Library/Frameworks/Carbon.framework; sourceTree = SDKROOT; };
		E335E35524C335837AAE0C7A /* include_juce_audio_plugin_client_utils.cpp */ /* include_juce_audio_plugin_client_utils.cpp */ = {isa = PBXFileReference; lastKnownFileType = sourcecode.cpp.cpp; name = include_juce_audio_plugin_client_utils.cpp; path = ../../JuceLibraryCode/include_juce_audio_plugin_client_utils.cpp; sourceTree = SOURCE_ROOT; };
		E4F1EABF8105D854A9F57D9D /* CoreAudioKit.framework */ /* CoreAudioKit.framework */ = {isa = PBXFileReference; lastKnownFileType = wrapper.framework; name = CoreAudioKit.framework; path = System/Library/Frameworks/CoreAudioKit.framework; sourceTree = SDKROOT; };
		EFA3F11CC6161FDF103469E6 /* VST3 */ = {isa = PBXFileReference; explicitFileType = wrapper.cfbundle; includeInIndex = 0; path = JZReverb.vst3; sourceTree = BUILT_PRODUCTS_DIR; };
		EFE7A332F2E57A22F6CB4899 /* Standalone Plugin */ = {isa = PBXFileReference; explicitFileType = wrapper.application; includeInIndex = 0; path = JZReverb.app; sourceTree = BUILT_PRODUCTS_DIR; };
		F0F65918C4EACECF6460EA76 /* DiscRecording.framework */ /* DiscRecording.framework */ = {isa = PBXFileReference; lastKnownFileType = wrapper.framework; name = DiscRecording.framework; path = System/Library/Frameworks/DiscRecording.framework; sourceTree = SDKROOT; };
		F4E93F8BB550F30FF861594B /* QuartzCore.framework */ /* QuartzCore.framework */ = {isa = PBXFileReference; lastKnownFileType = wrapper.framework; name = QuartzCore.framework; path = System/Library/Frameworks/QuartzCore.framework; sourceTree = SDKROOT; };
		F812D77BA7192C7045DB5A16 /* FDN.cpp */ /* FDN.cpp */ = {isa = PBXFileReference; lastKnownFileType = sourcecode.cpp.cpp; name = FDN.cpp; path = ../../Source/FDN.cpp; sourceTree = SOURCE_ROOT; };
/* End PBXFileReference section */

/* Begin PBXFrameworksBuildPhase section */
		19140430500BBB619C19570D = {
			isa = PBXFrameworksBuildPhase;
			buildActionMask = 2147483647;
			files = (
				EDD198DBE8650E8A2129DE12,
				313677A3C7A841039B17C4BF,
				4087312FFAB422843C4CC5E6,
				6BBE8DC0F7F85C64DE0713F7,
				27712957B93E2B842C21CDDF,
				C8CEBF54917CA47636F4AB3F,
				1F52DAD6E0C04F4F34C07643,
				55CF8965A2BC6DC65797AEC1,
				D58BB35B9DDB6577B9EC732A,
				9C91765115F61E8AE7BCD50D,
				0A591F6CAA122CF322173363,
				E4678D5D0548B7E1525523A9,
			);
			runOnlyForDeploymentPostprocessing = 0;
		};
		83A075296C4C42F13B1CB1D0 = {
			isa = PBXFrameworksBuildPhase;
			buildActionMask = 2147483647;
			files = (
				EDD198DBE8650E8A2129DE12,
				313677A3C7A841039B17C4BF,
				4087312FFAB422843C4CC5E6,
				6BBE8DC0F7F85C64DE0713F7,
				27712957B93E2B842C21CDDF,
				C8CEBF54917CA47636F4AB3F,
				1F52DAD6E0C04F4F34C07643,
				55CF8965A2BC6DC65797AEC1,
				D58BB35B9DDB6577B9EC732A,
				9C91765115F61E8AE7BCD50D,
				0A591F6CAA122CF322173363,
				E4678D5D0548B7E1525523A9,
			);
			runOnlyForDeploymentPostprocessing = 0;
		};
/* End PBXFrameworksBuildPhase section */

/* Begin PBXGroup section */
		1034064AC376C7B9A2519A35 /* JZReverb */ = {
			isa = PBXGroup;
			children = (
				6331B00955832392D4F2E995,
			);
			name = JZReverb;
			sourceTree = "<group>";
		};
		2DF82CB0F1E8C2368DF2F930 /* JUCE Modules */ = {
			isa = PBXGroup;
			children = (
				572DC3C54594670DF8D3F8CE,
				79A4D160E3DB7EDD30DDD185,
				52964B6266DD3B8817DC7AE7,
				B55F44843730FFBD30E1D2C9,
				3966974939A40BCC072C0FFD,
				2A04DD4BDB761446AB564997,
				345B0B30CE80986F96E24EEF,
				E103486EA2509B44AA3204AF,
				9D6FAE274F18830865B83C51,
				C79582BDF61816080F67D1EB,
				DC57A2A82A920927A5F47333,
				B55A23B5BE27EC8318E074D5,
			);
			name = "JUCE Modules";
			sourceTree = "<group>";
		};
		6331B00955832392D4F2E995 /* Source */ = {
			isa = PBXGroup;
			children = (
				3E64A66ABBB83054B025F632,
				DEF2FEC6F49CA64E20AD57A2,
				C82D963EF92C5A867393BF4C,
				9CFB7E4A750F6F253E83801F,
				CE2C60122BBC1D97B9AA2758,
				6C220DF61531C3B650A81AED,
			);
			name = Source;
			sourceTree = "<group>";
		};
		6F9646AB555787B4EDB37CD2 /* Resources */ = {
			isa = PBXGroup;
			children = (
				0637F057B475A6353C93FE7D,
				98F2D4C11E3C55995B978801,
				A499B3DB7ED27DF13E438D11,
			);
			name = Resources;
			sourceTree = "<group>";
		};
		84ED4334C740069832BBF28D /* Source */ = {
			isa = PBXGroup;
			children = (
				1034064AC376C7B9A2519A35,
				2DF82CB0F1E8C2368DF2F930,
				F76F69D1D334CE0EA8816C5B,
				6F9646AB555787B4EDB37CD2,
				DE53A6D26ED08077A0AA09E3,
				DD0554E0958467D1AF01683C,
			);
			name = Source;
			sourceTree = "<group>";
		};
		A9ED84CA2C48F0821F2B470B /* Diffuser */ = {
			isa = PBXGroup;
			children = (
				A1591A01E5F020AD31442FF1,
				3AF3721AA54C527322725A33,
				B149D5436D15FD750D176A71,
				38D5FDB516BD72D2E67A57A8,
				4EFFC33DBBE41DFDAE5DAA9F,
				0F461DDECAB73B420159A69C,
				1519E32A1AE5C65BCDEA9136,
				025048F85B06D226E694A9A0,
			);
			name = Diffuser;
			sourceTree = "<group>";
		};
		DC4D8EB8177B99B3008FE6B7 /* FDN */ = {
			isa = PBXGroup;
			children = (
				F812D77BA7192C7045DB5A16,
				DEFE65878C8012B7ADD3D203,
			);
			name = FDN;
			sourceTree = "<group>";
		};
		DD0554E0958467D1AF01683C /* Products */ = {
			isa = PBXGroup;
			children = (
				EFA3F11CC6161FDF103469E6,
				EFE7A332F2E57A22F6CB4899,
				108B1BB9022A0611C177C335,
			);
			name = Products;
			sourceTree = "<group>";
		};
		DE53A6D26ED08077A0AA09E3 /* Frameworks */ = {
			isa = PBXGroup;
			children = (
				7A7A159BA3D049D912E2D6A6,
				0140FA4E3763C808FF7E16E9,
				E137609ED851AA6891301724,
				3E5FF8AE922D549F47D56F93,
				8D36227E47A080E2D7A3C454,
				E4F1EABF8105D854A9F57D9D,
				221EA4A763648377D72E0CC4,
				F0F65918C4EACECF6460EA76,
				559CD288F7968C54D5C66B34,
				8BE2CC92F423E69AA9A596CD,
				F4E93F8BB550F30FF861594B,
				495E973EF7CB31056DE57618,
			);
			name = Frameworks;
			sourceTree = "<group>";
		};
		DEF2FEC6F49CA64E20AD57A2 /* Reverb */ = {
			isa = PBXGroup;
			children = (
				693A43E63AF902696C272E2E,
				20EA02FE052FCC4059143EBA,
				DC4D8EB8177B99B3008FE6B7,
				A9ED84CA2C48F0821F2B470B,
			);
			name = Reverb;
			sourceTree = "<group>";
		};
		F76F69D1D334CE0EA8816C5B /* JUCE Library Code */ = {
			isa = PBXGroup;
			children = (
				1084A0F097612D744B4245E9,
				C557B0CBF053BF105ABC385A,
				CB12BC4370F560286419EBA7,
				89D0CC66CEB597A7BD18D15A,
				E335E35524C335837AAE0C7A,
				7F73A2EBFA9473606FF749A8,
				BD8652E0FB08AADE20A9CF1E,
				15F111C01372AE141A094252,
				87B0292A7028597CB0071FAB,
				AD20CC7055AF4742FECDE167,
				6E8D2C4F9075C9C76EABC4A4,
				74C6F8B2CFD6993F6ED1E1F5,
				061C52BFC9F93C3ACF1FC2D2,
				AE2B2093C44EB7A8941332E8,
				E0C3BD74AFE818F93863DA1D,
				7AE064C0078E1D44856F983C,
				B0E5FA890A95D45230CF2205,
			);
			name = "JUCE Library Code";
			sourceTree = "<group>";
		};
/* End PBXGroup section */

/* Begin PBXNativeTarget section */
		22392D3DEA29488E0D77B7AD /* JZReverb - Shared Code */ = {
			isa = PBXNativeTarget;
			buildConfigurationList = 8E3945DC4A9B442CC464F5EE;
			buildPhases = (
				574018BC85C7A8F0F975D74B,
			);
			buildRules = (
			);
			dependencies = (
			);
			name = "JZReverb - Shared Code";
			productName = JZReverb;
			productReference = 108B1BB9022A0611C177C335;
			productType = "com.apple.product-type.library.static";
		};
		2DAD5A13F77692CCAF0F29E4 /* JZReverb - VST3 */ = {
			isa = PBXNativeTarget;
			buildConfigurationList = CA5940F6F5AD6D2F2FD2D13C;
			buildPhases = (
				57749744D42AC85AF566A566,
				B49F88F7E3652069D65B0135,
				83A075296C4C42F13B1CB1D0,
			);
			buildRules = (
			);
			dependencies = (
				02E6E74C2A83B591F9BA5DCD,
			);
			name = "JZReverb - VST3";
			productName = JZReverb;
			productReference = EFA3F11CC6161FDF103469E6;
			productType = "com.apple.product-type.bundle";
		};
		47593660B68A460490F92F33 /* JZReverb - Standalone Plugin */ = {
			isa = PBXNativeTarget;
			buildConfigurationList = 164BC3C6DE1D9D0384930927;
			buildPhases = (
				690CC9813A5A979994191446,
				504A5ACBC4861A17926761E4,
				19140430500BBB619C19570D,
			);
			buildRules = (
			);
			dependencies = (
				3AD5185AD89687527B4EBCA8,
			);
			name = "JZReverb - Standalone Plugin";
			productName = JZReverb;
			productReference = EFE7A332F2E57A22F6CB4899;
			productType = "com.apple.product-type.application";
		};
/* End PBXNativeTarget section */

/* Begin PBXProject section */
		A0CBE1C1EF717FE482608116 = {
			isa = PBXProject;
			attributes = {
				LastUpgradeCheck = 1320;
				ORGANIZATIONNAME = "JZ";
				TargetAttributes = {
					22392D3DEA29488E0D77B7AD = {
						SystemCapabilities = {
							com.apple.ApplicationGroups.iOS = {
								enabled = 0;
							};
							com.apple.HardenedRuntime = {
								enabled = 0;
							};
							com.apple.InAppPurchase = {
								enabled = 0;
							};
							com.apple.InterAppAudio = {
								enabled = 0;
							};
							com.apple.Push = {
								enabled = 0;
							};
							com.apple.Sandbox = {
								enabled = 0;
							};
						};
					};
					2DAD5A13F77692CCAF0F29E4 = {
						SystemCapabilities = {
							com.apple.ApplicationGroups.iOS = {
								enabled = 0;
							};
							com.apple.HardenedRuntime = {
								enabled = 0;
							};
							com.apple.InAppPurchase = {
								enabled = 0;
							};
							com.apple.InterAppAudio = {
								enabled = 0;
							};
							com.apple.Push = {
								enabled = 0;
							};
							com.apple.Sandbox = {
								enabled = 0;
							};
						};
					};
					47593660B68A460490F92F33 = {
						SystemCapabilities = {
							com.apple.ApplicationGroups.iOS = {
								enabled = 0;
							};
							com.apple.HardenedRuntime = {
								enabled = 0;
							};
							com.apple.InAppPurchase = {
								enabled = 0;
							};
							com.apple.InterAppAudio = {
								enabled = 0;
							};
							com.apple.Push = {
								enabled = 0;
							};
							com.apple.Sandbox = {
								enabled = 0;
							};
						};
					};
					F64EEEA7B169F2AB969BDF03 = {
						SystemCapabilities = {
							com.apple.ApplicationGroups.iOS = {
								enabled = 0;
							};
							com.apple.HardenedRuntime = {
								enabled = 0;
							};
							com.apple.InAppPurchase = {
								enabled = 0;
							};
							com.apple.InterAppAudio = {
								enabled = 0;
							};
							com.apple.Push = {
								enabled = 0;
							};
							com.apple.Sandbox = {
								enabled = 0;
							};
						};
					};
				};
			};
			buildConfigurationList = 5DA664ECD6D32F7BF46B62E0;
			compatibilityVersion = "Xcode 3.2";
			hasScannedForEncodings = 0;
			knownRegions = (
				en,
				Base,
			);
			mainGroup = 84ED4334C740069832BBF28D;
			projectDirPath = "";
			projectRoot = "";
			targets = (
				F64EEEA7B169F2AB969BDF03,
				2DAD5A13F77692CCAF0F29E4,
				47593660B68A460490F92F33,
				22392D3DEA29488E0D77B7AD,
			);
		};
/* End PBXProject section */

/* Begin PBXResourcesBuildPhase section */
		57749744D42AC85AF566A566 = {
			isa = PBXResourcesBuildPhase;
			buildActionMask = 2147483647;
			files = (
				78E6C5CCFF7F1F3EAFA11A28,
			);
			runOnlyForDeploymentPostprocessing = 0;
		};
		690CC9813A5A979994191446 = {
			isa = PBXResourcesBuildPhase;
			buildActionMask = 2147483647;
			files = (
				78E6C5CCFF7F1F3EAFA11A28,
			);
			runOnlyForDeploymentPostprocessing = 0;
		};
/* End PBXResourcesBuildPhase section */

/* Begin PBXSourcesBuildPhase section */
		504A5ACBC4861A17926761E4 = {
			isa = PBXSourcesBuildPhase;
			buildActionMask = 2147483647;
			files = (
				AA59A63D014D4BAB97FACD00,
			);
			runOnlyForDeploymentPostprocessing = 0;
		};
		574018BC85C7A8F0F975D74B = {
			isa = PBXSourcesBuildPhase;
			buildActionMask = 2147483647;
			files = (
				4096F2CEADBDF4D7FD18BC6A,
				AD4B5AB355B0993D3F0DF86F,
				9E1CFF99D5C53828B6B4632F,
				41E9F8FC3161ED5AE7B611D7,
				AD64ABB54A71A9AA53941520,
				7BBF6E87E047C45674BB74D1,
				E074902C0F5E71CD3448A3EB,
				9702597A6AADD92ACA716B41,
				76BA0F933C7D86107986750E,
				676A3C1425839469BBA5D9FA,
				2A666348ED255FE768F95E92,
				E097C9C114A1147BFDA42003,
				58CD540A155237C649059153,
				D519619B1CFE79254184B2EA,
				82B7FCB296280423683D4376,
				DB3BB4458674E85DB05B7F60,
				D9B611E5D1B8077261FDE02B,
				5DF8550C6F107F005A4C243D,
				FC9F848EA662BDEC39B17E23,
				18CD76D39D55D4ECA91BD516,
				ABD2CA569CB56C4AA0C0772F,
			);
			runOnlyForDeploymentPostprocessing = 0;
		};
		B49F88F7E3652069D65B0135 = {
			isa = PBXSourcesBuildPhase;
			buildActionMask = 2147483647;
			files = (
				746B63C204C161DEACAF2A3D,
			);
			runOnlyForDeploymentPostprocessing = 0;
		};
/* End PBXSourcesBuildPhase section */

/* Begin PBXTargetDependency section */
		02E6E74C2A83B591F9BA5DCD = {
			isa = PBXTargetDependency;
			target = 22392D3DEA29488E0D77B7AD;
		};
		1A84271E41AFA0150E92C726 = {
			isa = PBXTargetDependency;
			target = 47593660B68A460490F92F33;
		};
		3AD5185AD89687527B4EBCA8 = {
			isa = PBXTargetDependency;
			target = 22392D3DEA29488E0D77B7AD;
		};
		67054B3A09CA24B54E3733EC = {
			isa = PBXTargetDependency;
			target = 2DAD5A13F77692CCAF0F29E4;
		};
		A5858EC3A226CCD4BC756E40 = {
			isa = PBXTargetDependency;
			target = 22392D3DEA29488E0D77B7AD;
		};
/* End PBXTargetDependency section */

/* Begin XCBuildConfiguration section */
		0645A734BB3C3F051A46E231 /* Debug */ = {
			isa = XCBuildConfiguration;
			buildSettings = {
				CLANG_CXX_LANGUAGE_STANDARD = "c++17";
				CLANG_CXX_LIBRARY = "libc++";
				CLANG_LINK_OBJC_RUNTIME = NO;
				CODE_SIGN_IDENTITY = "";
				COMBINE_HIDPI_IMAGES = YES;
				CONFIGURATION_BUILD_DIR = "$(PROJECT_DIR)/build/$(CONFIGURATION)";
				COPY_PHASE_STRIP = NO;
				DEPLOYMENT_LOCATION = YES;
				DSTROOT = /;
				EXCLUDED_ARCHS = "";
				GCC_DYNAMIC_NO_PIC = NO;
				GCC_OPTIMIZATION_LEVEL = 0;
				GCC_PREPROCESSOR_DEFINITIONS = (
					"_DEBUG=1",
					"DEBUG=1",
					"JUCE_DISPLAY_SPLASH_SCREEN=0",
					"JUCE_USE_DARK_SPLASH_SCREEN=1",
					"JUCE_PROJUCER_VERSION=0x60106",
					"JUCE_MODULE_AVAILABLE_juce_audio_basics=1",
					"JUCE_MODULE_AVAILABLE_juce_audio_devices=1",
					"JUCE_MODULE_AVAILABLE_juce_audio_formats=1",
					"JUCE_MODULE_AVAILABLE_juce_audio_plugin_client=1",
					"JUCE_MODULE_AVAILABLE_juce_audio_processors=1",
					"JUCE_MODULE_AVAILABLE_juce_audio_utils=1",
					"JUCE_MODULE_AVAILABLE_juce_core=1",
					"JUCE_MODULE_AVAILABLE_juce_data_structures=1",
					"JUCE_MODULE_AVAILABLE_juce_events=1",
					"JUCE_MODULE_AVAILABLE_juce_graphics=1",
					"JUCE_MODULE_AVAILABLE_juce_gui_basics=1",
					"JUCE_MODULE_AVAILABLE_juce_gui_extra=1",
					"JUCE_GLOBAL_MODULE_SETTINGS_INCLUDED=1",
					"JUCE_VST3_CAN_REPLACE_VST2=0",
					"JUCE_STRICT_REFCOUNTEDPOINTER=1",
					"JucePlugin_Build_VST=0",
					"JucePlugin_Build_VST3=1",
					"JucePlugin_Build_AU=0",
					"JucePlugin_Build_AUv3=0",
					"JucePlugin_Build_RTAS=0",
					"JucePlugin_Build_AAX=0",
					"JucePlugin_Build_Standalone=0",
					"JucePlugin_Build_Unity=0",
					"JucePlugin_Enable_IAA=0",
					"JucePlugin_Name=\\\"JZReverb\\\"",
					"JucePlugin_Desc=\\\"JZReverb\\\"",
					"JucePlugin_Manufacturer=\\\"JZ\\\"",
					"JucePlugin_ManufacturerWebsite=\\\"\\\"",
					"JucePlugin_ManufacturerEmail=\\\"\\\"",
					"JucePlugin_ManufacturerCode=0x4d616e75",
					"JucePlugin_PluginCode=0x4279767a",
					"JucePlugin_IsSynth=0",
					"JucePlugin_WantsMidiInput=0",
					"JucePlugin_ProducesMidiOutput=0",
					"JucePlugin_IsMidiEffect=0",
					"JucePlugin_EditorRequiresKeyboardFocus=0",
					"JucePlugin_Version=1.0.0",
					"JucePlugin_VersionCode=0x10000",
					"JucePlugin_VersionString=\\\"1.0.0\\\"",
					"JucePlugin_VSTUniqueID=JucePlugin_PluginCode",
					"JucePlugin_VSTCategory=kPlugCategEffect",
					"JucePlugin_Vst3Category=\\\"Fx\\\"",
					"JucePlugin_AUMainType=\\'aufx\\'",
					"JucePlugin_AUSubType=JucePlugin_PluginCode",
					"JucePlugin_AUExportPrefix=JZReverbAU",
					"JucePlugin_AUExportPrefixQuoted=\\\"JZReverbAU\\\"",
					"JucePlugin_AUManufacturerCode=JucePlugin_ManufacturerCode",
					"JucePlugin_CFBundleIdentifier=com.JZ.JZReverb",
					"JucePlugin_RTASCategory=0",
					"JucePlugin_RTASManufacturerCode=JucePlugin_ManufacturerCode",
					"JucePlugin_RTASProductId=JucePlugin_PluginCode",
					"JucePlugin_RTASDisableBypass=0",
					"JucePlugin_RTASDisableMultiMono=0",
					"JucePlugin_AAXIdentifier=com.JZ.JZReverb",
					"JucePlugin_AAXManufacturerCode=JucePlugin_ManufacturerCode",
					"JucePlugin_AAXProductId=JucePlugin_PluginCode",
					"JucePlugin_AAXCategory=0",
					"JucePlugin_AAXDisableBypass=0",
					"JucePlugin_AAXDisableMultiMono=0",
					"JucePlugin_IAAType=0x61757278",
					"JucePlugin_IAASubType=JucePlugin_PluginCode",
					"JucePlugin_IAAName=\\\"JZ:\\ JZReverb\\\"",
					"JucePlugin_VSTNumMidiInputs=16",
					"JucePlugin_VSTNumMidiOutputs=16",
					"JUCE_STANDALONE_APPLICATION=JucePlugin_Build_Standalone",
					"JUCER_XCODE_MAC_F6D2F4CF=1",
					"JUCE_APP_VERSION=1.0.0",
					"JUCE_APP_VERSION_HEX=0x10000",
				);
				GCC_VERSION = com.apple.compilers.llvm.clang.1_0;
				GENERATE_PKGINFO_FILE = YES;
				HEADER_SEARCH_PATHS = (
					"/Users/jacobzeisel/Desktop/JUCE/modules/juce_audio_processors/format_types/VST3_SDK",
					"$(SRCROOT)/../../JuceLibraryCode",
					"/Users/jacobzeisel/Desktop/JUCE/modules",
					"/Users/jacobzeisel/Desktop/JUCE/modules/juce_audio_plugin_client",
					"$(inherited)",
				);
				INFOPLIST_FILE = Info-VST3.plist;
				INFOPLIST_PREPROCESS = NO;
				INSTALL_PATH = "$(HOME)/Library/Audio/Plug-Ins/VST3/";
				LIBRARY_STYLE = Bundle;
				MACOSX_DEPLOYMENT_TARGET = 10.11;
				MTL_HEADER_SEARCH_PATHS = "/Users/jacobzeisel/Desktop/JUCE/modules/juce_audio_processors/format_types/VST3_SDK $(SRCROOT)/../../JuceLibraryCode /Users/jacobzeisel/Desktop/JUCE/modules /Users/jacobzeisel/Desktop/JUCE/modules/juce_audio_plugin_client";
				OTHER_LDFLAGS = "-bundle -lJZReverb";
				PRODUCT_BUNDLE_IDENTIFIER = com.JZ.JZReverb;
				PRODUCT_NAME = "JZReverb";
				USE_HEADERMAP = NO;
				VALID_ARCHS = "i386 x86_64 arm64 arm64e";
				WRAPPER_EXTENSION = vst3;
			};
			name = Debug;
		};
		200056360467755591F6969E /* Release */ = {
			isa = XCBuildConfiguration;
			buildSettings = {
				CLANG_CXX_LANGUAGE_STANDARD = "c++17";
				CLANG_CXX_LIBRARY = "libc++";
				CLANG_LINK_OBJC_RUNTIME = NO;
				CODE_SIGN_IDENTITY = "";
				COMBINE_HIDPI_IMAGES = YES;
				CONFIGURATION_BUILD_DIR = "$(PROJECT_DIR)/build/$(CONFIGURATION)";
				DEAD_CODE_STRIPPING = YES;
				DEPLOYMENT_LOCATION = YES;
				DSTROOT = /;
				EXCLUDED_ARCHS = "";
				GCC_GENERATE_DEBUGGING_SYMBOLS = NO;
				GCC_OPTIMIZATION_LEVEL = 3;
				GCC_PREPROCESSOR_DEFINITIONS = (
					"_NDEBUG=1",
					"NDEBUG=1",
					"JUCE_DISPLAY_SPLASH_SCREEN=0",
					"JUCE_USE_DARK_SPLASH_SCREEN=1",
					"JUCE_PROJUCER_VERSION=0x60106",
					"JUCE_MODULE_AVAILABLE_juce_audio_basics=1",
					"JUCE_MODULE_AVAILABLE_juce_audio_devices=1",
					"JUCE_MODULE_AVAILABLE_juce_audio_formats=1",
					"JUCE_MODULE_AVAILABLE_juce_audio_plugin_client=1",
					"JUCE_MODULE_AVAILABLE_juce_audio_processors=1",
					"JUCE_MODULE_AVAILABLE_juce_audio_utils=1",
					"JUCE_MODULE_AVAILABLE_juce_core=1",
					"JUCE_MODULE_AVAILABLE_juce_data_structures=1",
					"JUCE_MODULE_AVAILABLE_juce_events=1",
					"JUCE_MODULE_AVAILABLE_juce_graphics=1",
					"JUCE_MODULE_AVAILABLE_juce_gui_basics=1",
					"JUCE_MODULE_AVAILABLE_juce_gui_extra=1",
					"JUCE_GLOBAL_MODULE_SETTINGS_INCLUDED=1",
					"JUCE_VST3_CAN_REPLACE_VST2=0",
					"JUCE_STRICT_REFCOUNTEDPOINTER=1",
					"JucePlugin_Build_VST=0",
					"JucePlugin_Build_VST3=1",
					"JucePlugin_Build_AU=0",
					"JucePlugin_Build_AUv3=0",
					"JucePlugin_Build_RTAS=0",
					"JucePlugin_Build_AAX=0",
					"JucePlugin_Build_Standalone=0",
					"JucePlugin_Build_Unity=0",
					"JucePlugin_Enable_IAA=0",
					"JucePlugin_Name=\\\"JZReverb\\\"",
					"JucePlugin_Desc=\\\"JZReverb\\\"",
					"JucePlugin_Manufacturer=\\\"JZ\\\"",
					"JucePlugin_ManufacturerWebsite=\\\"\\\"",
					"JucePlugin_ManufacturerEmail=\\\"\\\"",
					"JucePlugin_ManufacturerCode=0x4d616e75",
					"JucePlugin_PluginCode=0x4279767a",
					"JucePlugin_IsSynth=0",
					"JucePlugin_WantsMidiInput=0",
					"JucePlugin_ProducesMidiOutput=0",
					"JucePlugin_IsMidiEffect=0",
					"JucePlugin_EditorRequiresKeyboardFocus=0",
					"JucePlugin_Version=1.0.0",
					"JucePlugin_VersionCode=0x10000",
					"JucePlugin_VersionString=\\\"1.0.0\\\"",
					"JucePlugin_VSTUniqueID=JucePlugin_PluginCode",
					"JucePlugin_VSTCategory=kPlugCategEffect",
					"JucePlugin_Vst3Category=\\\"Fx\\\"",
					"JucePlugin_AUMainType=\\'aufx\\'",
					"JucePlugin_AUSubType=JucePlugin_PluginCode",
					"JucePlugin_AUExportPrefix=JZReverbAU",
					"JucePlugin_AUExportPrefixQuoted=\\\"JZReverbAU\\\"",
					"JucePlugin_AUManufacturerCode=JucePlugin_ManufacturerCode",
					"JucePlugin_CFBundleIdentifier=com.JZ.JZReverb",
					"JucePlugin_RTASCategory=0",
					"JucePlugin_RTASManufacturerCode=JucePlugin_ManufacturerCode",
					"JucePlugin_RTASProductId=JucePlugin_PluginCode",
					"JucePlugin_RTASDisableBypass=0",
					"JucePlugin_RTASDisableMultiMono=0",
					"JucePlugin_AAXIdentifier=com.JZ.JZReverb",
					"JucePlugin_AAXManufacturerCode=JucePlugin_ManufacturerCode",
					"JucePlugin_AAXProductId=JucePlugin_PluginCode",
					"JucePlugin_AAXCategory=0",
					"JucePlugin_AAXDisableBypass=0",
					"JucePlugin_AAXDisableMultiMono=0",
					"JucePlugin_IAAType=0x61757278",
					"JucePlugin_IAASubType=JucePlugin_PluginCode",
					"JucePlugin_IAAName=\\\"JZ:\\ JZReverb\\\"",
					"JucePlugin_VSTNumMidiInputs=16",
					"JucePlugin_VSTNumMidiOutputs=16",
					"JUCE_STANDALONE_APPLICATION=JucePlugin_Build_Standalone",
					"JUCER_XCODE_MAC_F6D2F4CF=1",
					"JUCE_APP_VERSION=1.0.0",
					"JUCE_APP_VERSION_HEX=0x10000",
				);
				GCC_VERSION = com.apple.compilers.llvm.clang.1_0;
				GENERATE_PKGINFO_FILE = YES;
				HEADER_SEARCH_PATHS = (
					"/Users/jacobzeisel/Desktop/JUCE/modules/juce_audio_processors/format_types/VST3_SDK",
					"$(SRCROOT)/../../JuceLibraryCode",
					"/Users/jacobzeisel/Desktop/JUCE/modules",
					"/Users/jacobzeisel/Desktop/JUCE/modules/juce_audio_plugin_client",
					"$(inherited)",
				);
				INFOPLIST_FILE = Info-VST3.plist;
				INFOPLIST_PREPROCESS = NO;
				INSTALL_PATH = "$(HOME)/Library/Audio/Plug-Ins/VST3/";
				LIBRARY_STYLE = Bundle;
				LLVM_LTO = YES;
				MACOSX_DEPLOYMENT_TARGET = 10.11;
				MTL_HEADER_SEARCH_PATHS = "/Users/jacobzeisel/Desktop/JUCE/modules/juce_audio_processors/format_types/VST3_SDK $(SRCROOT)/../../JuceLibraryCode /Users/jacobzeisel/Desktop/JUCE/modules /Users/jacobzeisel/Desktop/JUCE/modules/juce_audio_plugin_client";
				OTHER_LDFLAGS = "-bundle -lJZReverb";
				PRODUCT_BUNDLE_IDENTIFIER = com.JZ.JZReverb;
				PRODUCT_NAME = "JZReverb";
				USE_HEADERMAP = NO;
				VALID_ARCHS = "i386 x86_64 arm64 arm64e";
				WRAPPER_EXTENSION = vst3;
			};
			name = Release;
		};
		2027D08D994E3262EC1C6888 /* Release */ = {
			isa = XCBuildConfiguration;
			buildSettings = {
				CLANG_CXX_LANGUAGE_STANDARD = "c++17";
				CLANG_CXX_LIBRARY = "libc++";
				CLANG_LINK_OBJC_RUNTIME = NO;
				CODE_SIGN_IDENTITY = "";
				COMBINE_HIDPI_IMAGES = YES;
				CONFIGURATION_BUILD_DIR = "$(PROJECT_DIR)/build/$(CONFIGURATION)";
				DEAD_CODE_STRIPPING = YES;
				EXCLUDED_ARCHS = "";
				GCC_GENERATE_DEBUGGING_SYMBOLS = NO;
				GCC_OPTIMIZATION_LEVEL = 3;
				GCC_PREPROCESSOR_DEFINITIONS = (
					"_NDEBUG=1",
					"NDEBUG=1",
					"JUCE_DISPLAY_SPLASH_SCREEN=0",
					"JUCE_USE_DARK_SPLASH_SCREEN=1",
					"JUCE_PROJUCER_VERSION=0x60106",
					"JUCE_MODULE_AVAILABLE_juce_audio_basics=1",
					"JUCE_MODULE_AVAILABLE_juce_audio_devices=1",
					"JUCE_MODULE_AVAILABLE_juce_audio_formats=1",
					"JUCE_MODULE_AVAILABLE_juce_audio_plugin_client=1",
					"JUCE_MODULE_AVAILABLE_juce_audio_processors=1",
					"JUCE_MODULE_AVAILABLE_juce_audio_utils=1",
					"JUCE_MODULE_AVAILABLE_juce_core=1",
					"JUCE_MODULE_AVAILABLE_juce_data_structures=1",
					"JUCE_MODULE_AVAILABLE_juce_events=1",
					"JUCE_MODULE_AVAILABLE_juce_graphics=1",
					"JUCE_MODULE_AVAILABLE_juce_gui_basics=1",
					"JUCE_MODULE_AVAILABLE_juce_gui_extra=1",
					"JUCE_GLOBAL_MODULE_SETTINGS_INCLUDED=1",
					"JUCE_VST3_CAN_REPLACE_VST2=0",
					"JUCE_STRICT_REFCOUNTEDPOINTER=1",
					"JucePlugin_Build_VST=0",
					"JucePlugin_Build_VST3=0",
					"JucePlugin_Build_AU=0",
					"JucePlugin_Build_AUv3=0",
					"JucePlugin_Build_RTAS=0",
					"JucePlugin_Build_AAX=0",
					"JucePlugin_Build_Standalone=1",
					"JucePlugin_Build_Unity=0",
					"JucePlugin_Enable_IAA=0",
					"JucePlugin_Name=\\\"JZReverb\\\"",
					"JucePlugin_Desc=\\\"JZReverb\\\"",
					"JucePlugin_Manufacturer=\\\"JZ\\\"",
					"JucePlugin_ManufacturerWebsite=\\\"\\\"",
					"JucePlugin_ManufacturerEmail=\\\"\\\"",
					"JucePlugin_ManufacturerCode=0x4d616e75",
					"JucePlugin_PluginCode=0x4279767a",
					"JucePlugin_IsSynth=0",
					"JucePlugin_WantsMidiInput=0",
					"JucePlugin_ProducesMidiOutput=0",
					"JucePlugin_IsMidiEffect=0",
					"JucePlugin_EditorRequiresKeyboardFocus=0",
					"JucePlugin_Version=1.0.0",
					"JucePlugin_VersionCode=0x10000",
					"JucePlugin_VersionString=\\\"1.0.0\\\"",
					"JucePlugin_VSTUniqueID=JucePlugin_PluginCode",
					"JucePlugin_VSTCategory=kPlugCategEffect",
					"JucePlugin_Vst3Category=\\\"Fx\\\"",
					"JucePlugin_AUMainType=\\'aufx\\'",
					"JucePlugin_AUSubType=JucePlugin_PluginCode",
					"JucePlugin_AUExportPrefix=JZReverbAU",
					"JucePlugin_AUExportPrefixQuoted=\\\"JZReverbAU\\\"",
					"JucePlugin_AUManufacturerCode=JucePlugin_ManufacturerCode",
					"JucePlugin_CFBundleIdentifier=com.JZ.JZReverb",
					"JucePlugin_RTASCategory=0",
					"JucePlugin_RTASManufacturerCode=JucePlugin_ManufacturerCode",
					"JucePlugin_RTASProductId=JucePlugin_PluginCode",
					"JucePlugin_RTASDisableBypass=0",
					"JucePlugin_RTASDisableMultiMono=0",
					"JucePlugin_AAXIdentifier=com.JZ.JZReverb",
					"JucePlugin_AAXManufacturerCode=JucePlugin_ManufacturerCode",
					"JucePlugin_AAXProductId=JucePlugin_PluginCode",
					"JucePlugin_AAXCategory=0",
					"JucePlugin_AAXDisableBypass=0",
					"JucePlugin_AAXDisableMultiMono=0",
					"JucePlugin_IAAType=0x61757278",
					"JucePlugin_IAASubType=JucePlugin_PluginCode",
					"JucePlugin_IAAName=\\\"JZ:\\ JZReverb\\\"",
					"JucePlugin_VSTNumMidiInputs=16",
					"JucePlugin_VSTNumMidiOutputs=16",
					"JUCE_STANDALONE_APPLICATION=JucePlugin_Build_Standalone",
					"JUCER_XCODE_MAC_F6D2F4CF=1",
					"JUCE_APP_VERSION=1.0.0",
					"JUCE_APP_VERSION_HEX=0x10000",
				);
				GCC_VERSION = com.apple.compilers.llvm.clang.1_0;
				HEADER_SEARCH_PATHS = (
					"/Users/jacobzeisel/Desktop/JUCE/modules/juce_audio_processors/format_types/VST3_SDK",
					"$(SRCROOT)/../../JuceLibraryCode",
					"/Users/jacobzeisel/Desktop/JUCE/modules",
					"/Users/jacobzeisel/Desktop/JUCE/modules/juce_audio_plugin_client",
					"$(inherited)",
				);
				INFOPLIST_FILE = Info-Standalone_Plugin.plist;
				INFOPLIST_PREPROCESS = NO;
				LLVM_LTO = YES;
				MACOSX_DEPLOYMENT_TARGET = 10.11;
				MTL_HEADER_SEARCH_PATHS = "/Users/jacobzeisel/Desktop/JUCE/modules/juce_audio_processors/format_types/VST3_SDK $(SRCROOT)/../../JuceLibraryCode /Users/jacobzeisel/Desktop/JUCE/modules /Users/jacobzeisel/Desktop/JUCE/modules/juce_audio_plugin_client";
				OTHER_LDFLAGS = "-lJZReverb";
				PRODUCT_BUNDLE_IDENTIFIER = com.JZ.JZReverb;
				PRODUCT_NAME = "JZReverb";
				USE_HEADERMAP = NO;
				VALID_ARCHS = "i386 x86_64 arm64 arm64e";
			};
			name = Release;
		};
		2A4850B1A69473105777ED59 /* Debug */ = {
			isa = XCBuildConfiguration;
			buildSettings = {
				CLANG_CXX_LANGUAGE_STANDARD = "c++17";
				CLANG_CXX_LIBRARY = "libc++";
				CLANG_LINK_OBJC_RUNTIME = NO;
				CODE_SIGN_IDENTITY = "";
				COMBINE_HIDPI_IMAGES = YES;
				CONFIGURATION_BUILD_DIR = "$(PROJECT_DIR)/build/$(CONFIGURATION)";
				COPY_PHASE_STRIP = NO;
				EXCLUDED_ARCHS = "";
				GCC_DYNAMIC_NO_PIC = NO;
				GCC_OPTIMIZATION_LEVEL = 0;
				GCC_PREPROCESSOR_DEFINITIONS = (
					"_DEBUG=1",
					"DEBUG=1",
					"JUCE_DISPLAY_SPLASH_SCREEN=0",
					"JUCE_USE_DARK_SPLASH_SCREEN=1",
					"JUCE_PROJUCER_VERSION=0x60106",
					"JUCE_MODULE_AVAILABLE_juce_audio_basics=1",
					"JUCE_MODULE_AVAILABLE_juce_audio_devices=1",
					"JUCE_MODULE_AVAILABLE_juce_audio_formats=1",
					"JUCE_MODULE_AVAILABLE_juce_audio_plugin_client=1",
					"JUCE_MODULE_AVAILABLE_juce_audio_processors=1",
					"JUCE_MODULE_AVAILABLE_juce_audio_utils=1",
					"JUCE_MODULE_AVAILABLE_juce_core=1",
					"JUCE_MODULE_AVAILABLE_juce_data_structures=1",
					"JUCE_MODULE_AVAILABLE_juce_events=1",
					"JUCE_MODULE_AVAILABLE_juce_graphics=1",
					"JUCE_MODULE_AVAILABLE_juce_gui_basics=1",
					"JUCE_MODULE_AVAILABLE_juce_gui_extra=1",
					"JUCE_GLOBAL_MODULE_SETTINGS_INCLUDED=1",
					"JUCE_VST3_CAN_REPLACE_VST2=0",
					"JUCE_STRICT_REFCOUNTEDPOINTER=1",
					"JucePlugin_Build_VST=0",
					"JucePlugin_Build_VST3=0",
					"JucePlugin_Build_AU=0",
					"JucePlugin_Build_AUv3=0",
					"JucePlugin_Build_RTAS=0",
					"JucePlugin_Build_AAX=0",
					"JucePlugin_Build_Standalone=1",
					"JucePlugin_Build_Unity=0",
					"JucePlugin_Enable_IAA=0",
					"JucePlugin_Name=\\\"JZReverb\\\"",
					"JucePlugin_Desc=\\\"JZReverb\\\"",
					"JucePlugin_Manufacturer=\\\"JZ\\\"",
					"JucePlugin_ManufacturerWebsite=\\\"\\\"",
					"JucePlugin_ManufacturerEmail=\\\"\\\"",
					"JucePlugin_ManufacturerCode=0x4d616e75",
					"JucePlugin_PluginCode=0x4279767a",
					"JucePlugin_IsSynth=0",
					"JucePlugin_WantsMidiInput=0",
					"JucePlugin_ProducesMidiOutput=0",
					"JucePlugin_IsMidiEffect=0",
					"JucePlugin_EditorRequiresKeyboardFocus=0",
					"JucePlugin_Version=1.0.0",
					"JucePlugin_VersionCode=0x10000",
					"JucePlugin_VersionString=\\\"1.0.0\\\"",
					"JucePlugin_VSTUniqueID=JucePlugin_PluginCode",
					"JucePlugin_VSTCategory=kPlugCategEffect",
					"JucePlugin_Vst3Category=\\\"Fx\\\"",
					"JucePlugin_AUMainType=\\'aufx\\'",
					"JucePlugin_AUSubType=JucePlugin_PluginCode",
					"JucePlugin_AUExportPrefix=JZReverbAU",
					"JucePlugin_AUExportPrefixQuoted=\\\"JZReverbAU\\\"",
					"JucePlugin_AUManufacturerCode=JucePlugin_ManufacturerCode",
					"JucePlugin_CFBundleIdentifier=com.JZ.JZReverb",
					"JucePlugin_RTASCategory=0",
					"JucePlugin_RTASManufacturerCode=JucePlugin_ManufacturerCode",
					"JucePlugin_RTASProductId=JucePlugin_PluginCode",
					"JucePlugin_RTASDisableBypass=0",
					"JucePlugin_RTASDisableMultiMono=0",
					"JucePlugin_AAXIdentifier=com.JZ.JZReverb",
					"JucePlugin_AAXManufacturerCode=JucePlugin_ManufacturerCode",
					"JucePlugin_AAXProductId=JucePlugin_PluginCode",
					"JucePlugin_AAXCategory=0",
					"JucePlugin_AAXDisableBypass=0",
					"JucePlugin_AAXDisableMultiMono=0",
					"JucePlugin_IAAType=0x61757278",
					"JucePlugin_IAASubType=JucePlugin_PluginCode",
					"JucePlugin_IAAName=\\\"JZ:\\ JZReverb\\\"",
					"JucePlugin_VSTNumMidiInputs=16",
					"JucePlugin_VSTNumMidiOutputs=16",
					"JUCE_STANDALONE_APPLICATION=JucePlugin_Build_Standalone",
					"JUCER_XCODE_MAC_F6D2F4CF=1",
					"JUCE_APP_VERSION=1.0.0",
					"JUCE_APP_VERSION_HEX=0x10000",
				);
				GCC_VERSION = com.apple.compilers.llvm.clang.1_0;
				HEADER_SEARCH_PATHS = (
					"/Users/jacobzeisel/Desktop/JUCE/modules/juce_audio_processors/format_types/VST3_SDK",
					"$(SRCROOT)/../../JuceLibraryCode",
					"/Users/jacobzeisel/Desktop/JUCE/modules",
					"/Users/jacobzeisel/Desktop/JUCE/modules/juce_audio_plugin_client",
					"$(inherited)",
				);
				INFOPLIST_FILE = Info-Standalone_Plugin.plist;
				INFOPLIST_PREPROCESS = NO;
				MACOSX_DEPLOYMENT_TARGET = 10.11;
				MTL_HEADER_SEARCH_PATHS = "/Users/jacobzeisel/Desktop/JUCE/modules/juce_audio_processors/format_types/VST3_SDK $(SRCROOT)/../../JuceLibraryCode /Users/jacobzeisel/Desktop/JUCE/modules /Users/jacobzeisel/Desktop/JUCE/modules/juce_audio_plugin_client";
				OTHER_LDFLAGS = "-lJZReverb";
				PRODUCT_BUNDLE_IDENTIFIER = com.JZ.JZReverb;
				PRODUCT_NAME = "JZReverb";
				USE_HEADERMAP = NO;
				VALID_ARCHS = "i386 x86_64 arm64 arm64e";
			};
			name = Debug;
		};
		4069F1A9954668396EE83BFE /* Release */ = {
			isa = XCBuildConfiguration;
			buildSettings = {
				MACOSX_DEPLOYMENT_TARGET = 10.11;
				SDKROOT = macosx;
			};
			name = Release;
		};
		4F9B5A05945322B3B97BB23D /* Release */ = {
			isa = XCBuildConfiguration;
			buildSettings = {
				ALWAYS_SEARCH_USER_PATHS = NO;
				CLANG_ENABLE_OBJC_WEAK = YES;
				CLANG_WARN_BLOCK_CAPTURE_AUTORELEASING = YES;
				CLANG_WARN_BOOL_CONVERSION = YES;
				CLANG_WARN_COMMA = YES;
				CLANG_WARN_CONSTANT_CONVERSION = YES;
				CLANG_WARN_DEPRECATED_OBJC_IMPLEMENTATIONS = YES;
				CLANG_WARN_EMPTY_BODY = YES;
				CLANG_WARN_ENUM_CONVERSION = YES;
				CLANG_WARN_INFINITE_RECURSION = YES;
				CLANG_WARN_INT_CONVERSION = YES;
				CLANG_WARN_NON_LITERAL_NULL_CONVERSION = YES;
				CLANG_WARN_OBJC_IMPLICIT_RETAIN_SELF = YES;
				CLANG_WARN_OBJC_LITERAL_CONVERSION = YES;
				CLANG_WARN_RANGE_LOOP_ANALYSIS = YES;
				CLANG_WARN_STRICT_PROTOTYPES = YES;
				CLANG_WARN_SUSPICIOUS_MOVE = YES;
				CLANG_WARN_UNREACHABLE_CODE = YES;
				CLANG_WARN__DUPLICATE_METHOD_MATCH = YES;
				CODE_SIGN_IDENTITY = "";
				DEBUG_INFORMATION_FORMAT = dwarf;
				ENABLE_STRICT_OBJC_MSGSEND = YES;
				ENABLE_TESTABILITY = NO;
				GCC_C_LANGUAGE_STANDARD = c11;
				GCC_INLINES_ARE_PRIVATE_EXTERN = YES;
				GCC_MODEL_TUNING = G5;
				GCC_NO_COMMON_BLOCKS = YES;
				GCC_SYMBOLS_PRIVATE_EXTERN = YES;
				GCC_WARN_64_TO_32_BIT_CONVERSION = YES;
				GCC_WARN_ABOUT_RETURN_TYPE = YES;
				GCC_WARN_CHECK_SWITCH_STATEMENTS = YES;
				GCC_WARN_MISSING_PARENTHESES = YES;
				GCC_WARN_NON_VIRTUAL_DESTRUCTOR = YES;
				GCC_WARN_TYPECHECK_CALLS_TO_PRINTF = YES;
				GCC_WARN_UNDECLARED_SELECTOR = YES;
				GCC_WARN_UNINITIALIZED_AUTOS = YES;
				GCC_WARN_UNUSED_FUNCTION = YES;
				GCC_WARN_UNUSED_VARIABLE = YES;
				PRODUCT_NAME = "JZReverb";
				SDKROOT = macosx;
				WARNING_CFLAGS = "-Wreorder";
				ZERO_LINK = NO;
			};
			name = Release;
		};
		8430C8DC4C433810423040EF /* Debug */ = {
			isa = XCBuildConfiguration;
			buildSettings = {
				CLANG_CXX_LANGUAGE_STANDARD = "c++17";
				CLANG_CXX_LIBRARY = "libc++";
				CLANG_LINK_OBJC_RUNTIME = NO;
				CODE_SIGN_IDENTITY = "";
				COMBINE_HIDPI_IMAGES = YES;
				CONFIGURATION_BUILD_DIR = "$(PROJECT_DIR)/build/$(CONFIGURATION)";
				COPY_PHASE_STRIP = NO;
				EXCLUDED_ARCHS = "";
				GCC_DYNAMIC_NO_PIC = NO;
				GCC_OPTIMIZATION_LEVEL = 0;
				GCC_PREPROCESSOR_DEFINITIONS = (
					"_DEBUG=1",
					"DEBUG=1",
					"JUCE_DISPLAY_SPLASH_SCREEN=0",
					"JUCE_USE_DARK_SPLASH_SCREEN=1",
					"JUCE_PROJUCER_VERSION=0x60106",
					"JUCE_MODULE_AVAILABLE_juce_audio_basics=1",
					"JUCE_MODULE_AVAILABLE_juce_audio_devices=1",
					"JUCE_MODULE_AVAILABLE_juce_audio_formats=1",
					"JUCE_MODULE_AVAILABLE_juce_audio_plugin_client=1",
					"JUCE_MODULE_AVAILABLE_juce_audio_processors=1",
					"JUCE_MODULE_AVAILABLE_juce_audio_utils=1",
					"JUCE_MODULE_AVAILABLE_juce_core=1",
					"JUCE_MODULE_AVAILABLE_juce_data_structures=1",
					"JUCE_MODULE_AVAILABLE_juce_events=1",
					"JUCE_MODULE_AVAILABLE_juce_graphics=1",
					"JUCE_MODULE_AVAILABLE_juce_gui_basics=1",
					"JUCE_MODULE_AVAILABLE_juce_gui_extra=1",
					"JUCE_GLOBAL_MODULE_SETTINGS_INCLUDED=1",
					"JUCE_VST3_CAN_REPLACE_VST2=0",
					"JUCE_STRICT_REFCOUNTEDPOINTER=1",
					"JucePlugin_Build_VST=0",
					"JucePlugin_Build_VST3=1",
					"JucePlugin_Build_AU=0",
					"JucePlugin_Build_AUv3=0",
					"JucePlugin_Build_RTAS=0",
					"JucePlugin_Build_AAX=0",
					"JucePlugin_Build_Standalone=1",
					"JucePlugin_Build_Unity=0",
					"JucePlugin_Enable_IAA=0",
					"JucePlugin_Name=\\\"JZReverb\\\"",
					"JucePlugin_Desc=\\\"JZReverb\\\"",
					"JucePlugin_Manufacturer=\\\"JZ\\\"",
					"JucePlugin_ManufacturerWebsite=\\\"\\\"",
					"JucePlugin_ManufacturerEmail=\\\"\\\"",
					"JucePlugin_ManufacturerCode=0x4d616e75",
					"JucePlugin_PluginCode=0x4279767a",
					"JucePlugin_IsSynth=0",
					"JucePlugin_WantsMidiInput=0",
					"JucePlugin_ProducesMidiOutput=0",
					"JucePlugin_IsMidiEffect=0",
					"JucePlugin_EditorRequiresKeyboardFocus=0",
					"JucePlugin_Version=1.0.0",
					"JucePlugin_VersionCode=0x10000",
					"JucePlugin_VersionString=\\\"1.0.0\\\"",
					"JucePlugin_VSTUniqueID=JucePlugin_PluginCode",
					"JucePlugin_VSTCategory=kPlugCategEffect",
					"JucePlugin_Vst3Category=\\\"Fx\\\"",
					"JucePlugin_AUMainType=\\'aufx\\'",
					"JucePlugin_AUSubType=JucePlugin_PluginCode",
					"JucePlugin_AUExportPrefix=JZReverbAU",
					"JucePlugin_AUExportPrefixQuoted=\\\"JZReverbAU\\\"",
					"JucePlugin_AUManufacturerCode=JucePlugin_ManufacturerCode",
					"JucePlugin_CFBundleIdentifier=com.JZ.JZReverb",
					"JucePlugin_RTASCategory=0",
					"JucePlugin_RTASManufacturerCode=JucePlugin_ManufacturerCode",
					"JucePlugin_RTASProductId=JucePlugin_PluginCode",
					"JucePlugin_RTASDisableBypass=0",
					"JucePlugin_RTASDisableMultiMono=0",
					"JucePlugin_AAXIdentifier=com.JZ.JZReverb",
					"JucePlugin_AAXManufacturerCode=JucePlugin_ManufacturerCode",
					"JucePlugin_AAXProductId=JucePlugin_PluginCode",
					"JucePlugin_AAXCategory=0",
					"JucePlugin_AAXDisableBypass=0",
					"JucePlugin_AAXDisableMultiMono=0",
					"JucePlugin_IAAType=0x61757278",
					"JucePlugin_IAASubType=JucePlugin_PluginCode",
					"JucePlugin_IAAName=\\\"JZ:\\ JZReverb\\\"",
					"JucePlugin_VSTNumMidiInputs=16",
					"JucePlugin_VSTNumMidiOutputs=16",
					"JUCE_STANDALONE_APPLICATION=JucePlugin_Build_Standalone",
					"JUCER_XCODE_MAC_F6D2F4CF=1",
					"JUCE_APP_VERSION=1.0.0",
					"JUCE_APP_VERSION_HEX=0x10000",
					"JUCE_SHARED_CODE=1",
				);
				GCC_VERSION = com.apple.compilers.llvm.clang.1_0;
				HEADER_SEARCH_PATHS = (
					"/Users/jacobzeisel/Desktop/JUCE/modules/juce_audio_processors/format_types/VST3_SDK",
					"$(SRCROOT)/../../JuceLibraryCode",
					"/Users/jacobzeisel/Desktop/JUCE/modules",
					"/Users/jacobzeisel/Desktop/JUCE/modules/juce_audio_plugin_client",
					"$(inherited)",
				);
				INSTALL_PATH = "@executable_path/../Frameworks";
				MACOSX_DEPLOYMENT_TARGET = 10.11;
				MTL_HEADER_SEARCH_PATHS = "/Users/jacobzeisel/Desktop/JUCE/modules/juce_audio_processors/format_types/VST3_SDK $(SRCROOT)/../../JuceLibraryCode /Users/jacobzeisel/Desktop/JUCE/modules /Users/jacobzeisel/Desktop/JUCE/modules/juce_audio_plugin_client";
				PRODUCT_BUNDLE_IDENTIFIER = com.JZ.JZReverb;
				PRODUCT_NAME = "JZReverb";
				SKIP_INSTALL = YES;
				USE_HEADERMAP = NO;
				VALID_ARCHS = "i386 x86_64 arm64 arm64e";
			};
			name = Debug;
		};
		8EEFA64358BC90938955325F /* Debug */ = {
			isa = XCBuildConfiguration;
			buildSettings = {
				ALWAYS_SEARCH_USER_PATHS = NO;
				CLANG_ENABLE_OBJC_WEAK = YES;
				CLANG_WARN_BLOCK_CAPTURE_AUTORELEASING = YES;
				CLANG_WARN_BOOL_CONVERSION = YES;
				CLANG_WARN_COMMA = YES;
				CLANG_WARN_CONSTANT_CONVERSION = YES;
				CLANG_WARN_DEPRECATED_OBJC_IMPLEMENTATIONS = YES;
				CLANG_WARN_EMPTY_BODY = YES;
				CLANG_WARN_ENUM_CONVERSION = YES;
				CLANG_WARN_INFINITE_RECURSION = YES;
				CLANG_WARN_INT_CONVERSION = YES;
				CLANG_WARN_NON_LITERAL_NULL_CONVERSION = YES;
				CLANG_WARN_OBJC_IMPLICIT_RETAIN_SELF = YES;
				CLANG_WARN_OBJC_LITERAL_CONVERSION = YES;
				CLANG_WARN_RANGE_LOOP_ANALYSIS = YES;
				CLANG_WARN_STRICT_PROTOTYPES = YES;
				CLANG_WARN_SUSPICIOUS_MOVE = YES;
				CLANG_WARN_UNREACHABLE_CODE = YES;
				CLANG_WARN__DUPLICATE_METHOD_MATCH = YES;
				CODE_SIGN_IDENTITY = "";
				DEBUG_INFORMATION_FORMAT = dwarf;
				ENABLE_STRICT_OBJC_MSGSEND = YES;
				ENABLE_TESTABILITY = NO;
				GCC_C_LANGUAGE_STANDARD = c11;
				GCC_INLINES_ARE_PRIVATE_EXTERN = YES;
				GCC_MODEL_TUNING = G5;
				GCC_NO_COMMON_BLOCKS = YES;
				GCC_SYMBOLS_PRIVATE_EXTERN = YES;
				GCC_WARN_64_TO_32_BIT_CONVERSION = YES;
				GCC_WARN_ABOUT_RETURN_TYPE = YES;
				GCC_WARN_CHECK_SWITCH_STATEMENTS = YES;
				GCC_WARN_MISSING_PARENTHESES = YES;
				GCC_WARN_NON_VIRTUAL_DESTRUCTOR = YES;
				GCC_WARN_TYPECHECK_CALLS_TO_PRINTF = YES;
				GCC_WARN_UNDECLARED_SELECTOR = YES;
				GCC_WARN_UNINITIALIZED_AUTOS = YES;
				GCC_WARN_UNUSED_FUNCTION = YES;
				GCC_WARN_UNUSED_VARIABLE = YES;
				ONLY_ACTIVE_ARCH = YES;
				PRODUCT_NAME = "JZReverb";
				SDKROOT = macosx;
				WARNING_CFLAGS = "-Wreorder";
				ZERO_LINK = NO;
			};
			name = Debug;
		};
		B0D85FFF47BAB71C75AE440E /* Debug */ = {
			isa = XCBuildConfiguration;
			buildSettings = {
				MACOSX_DEPLOYMENT_TARGET = 10.11;
				SDKROOT = macosx;
			};
			name = Debug;
		};
		EF8A81F57BD8008D86836465 /* Release */ = {
			isa = XCBuildConfiguration;
			buildSettings = {
				CLANG_CXX_LANGUAGE_STANDARD = "c++17";
				CLANG_CXX_LIBRARY = "libc++";
				CLANG_LINK_OBJC_RUNTIME = NO;
				CODE_SIGN_IDENTITY = "";
				COMBINE_HIDPI_IMAGES = YES;
				CONFIGURATION_BUILD_DIR = "$(PROJECT_DIR)/build/$(CONFIGURATION)";
				DEAD_CODE_STRIPPING = YES;
				EXCLUDED_ARCHS = "";
				GCC_GENERATE_DEBUGGING_SYMBOLS = NO;
				GCC_OPTIMIZATION_LEVEL = 3;
				GCC_PREPROCESSOR_DEFINITIONS = (
					"_NDEBUG=1",
					"NDEBUG=1",
					"JUCE_DISPLAY_SPLASH_SCREEN=0",
					"JUCE_USE_DARK_SPLASH_SCREEN=1",
					"JUCE_PROJUCER_VERSION=0x60106",
					"JUCE_MODULE_AVAILABLE_juce_audio_basics=1",
					"JUCE_MODULE_AVAILABLE_juce_audio_devices=1",
					"JUCE_MODULE_AVAILABLE_juce_audio_formats=1",
					"JUCE_MODULE_AVAILABLE_juce_audio_plugin_client=1",
					"JUCE_MODULE_AVAILABLE_juce_audio_processors=1",
					"JUCE_MODULE_AVAILABLE_juce_audio_utils=1",
					"JUCE_MODULE_AVAILABLE_juce_core=1",
					"JUCE_MODULE_AVAILABLE_juce_data_structures=1",
					"JUCE_MODULE_AVAILABLE_juce_events=1",
					"JUCE_MODULE_AVAILABLE_juce_graphics=1",
					"JUCE_MODULE_AVAILABLE_juce_gui_basics=1",
					"JUCE_MODULE_AVAILABLE_juce_gui_extra=1",
					"JUCE_GLOBAL_MODULE_SETTINGS_INCLUDED=1",
					"JUCE_VST3_CAN_REPLACE_VST2=0",
					"JUCE_STRICT_REFCOUNTEDPOINTER=1",
					"JucePlugin_Build_VST=0",
					"JucePlugin_Build_VST3=1",
					"JucePlugin_Build_AU=0",
					"JucePlugin_Build_AUv3=0",
					"JucePlugin_Build_RTAS=0",
					"JucePlugin_Build_AAX=0",
					"JucePlugin_Build_Standalone=1",
					"JucePlugin_Build_Unity=0",
					"JucePlugin_Enable_IAA=0",
					"JucePlugin_Name=\\\"JZReverb\\\"",
					"JucePlugin_Desc=\\\"JZReverb\\\"",
					"JucePlugin_Manufacturer=\\\"JZ\\\"",
					"JucePlugin_ManufacturerWebsite=\\\"\\\"",
					"JucePlugin_ManufacturerEmail=\\\"\\\"",
					"JucePlugin_ManufacturerCode=0x4d616e75",
					"JucePlugin_PluginCode=0x4279767a",
					"JucePlugin_IsSynth=0",
					"JucePlugin_WantsMidiInput=0",
					"JucePlugin_ProducesMidiOutput=0",
					"JucePlugin_IsMidiEffect=0",
					"JucePlugin_EditorRequiresKeyboardFocus=0",
					"JucePlugin_Version=1.0.0",
					"JucePlugin_VersionCode=0x10000",
					"JucePlugin_VersionString=\\\"1.0.0\\\"",
					"JucePlugin_VSTUniqueID=JucePlugin_PluginCode",
					"JucePlugin_VSTCategory=kPlugCategEffect",
					"JucePlugin_Vst3Category=\\\"Fx\\\"",
					"JucePlugin_AUMainType=\\'aufx\\'",
					"JucePlugin_AUSubType=JucePlugin_PluginCode",
					"JucePlugin_AUExportPrefix=JZReverbAU",
					"JucePlugin_AUExportPrefixQuoted=\\\"JZReverbAU\\\"",
					"JucePlugin_AUManufacturerCode=JucePlugin_ManufacturerCode",
					"JucePlugin_CFBundleIdentifier=com.JZ.JZReverb",
					"JucePlugin_RTASCategory=0",
					"JucePlugin_RTASManufacturerCode=JucePlugin_ManufacturerCode",
					"JucePlugin_RTASProductId=JucePlugin_PluginCode",
					"JucePlugin_RTASDisableBypass=0",
					"JucePlugin_RTASDisableMultiMono=0",
					"JucePlugin_AAXIdentifier=com.JZ.JZReverb",
					"JucePlugin_AAXManufacturerCode=JucePlugin_ManufacturerCode",
					"JucePlugin_AAXProductId=JucePlugin_PluginCode",
					"JucePlugin_AAXCategory=0",
					"JucePlugin_AAXDisableBypass=0",
					"JucePlugin_AAXDisableMultiMono=0",
					"JucePlugin_IAAType=0x61757278",
					"JucePlugin_IAASubType=JucePlugin_PluginCode",
					"JucePlugin_IAAName=\\\"JZ:\\ JZReverb\\\"",
					"JucePlugin_VSTNumMidiInputs=16",
					"JucePlugin_VSTNumMidiOutputs=16",
					"JUCE_STANDALONE_APPLICATION=JucePlugin_Build_Standalone",
					"JUCER_XCODE_MAC_F6D2F4CF=1",
					"JUCE_APP_VERSION=1.0.0",
					"JUCE_APP_VERSION_HEX=0x10000",
					"JUCE_SHARED_CODE=1",
				);
				GCC_VERSION = com.apple.compilers.llvm.clang.1_0;
				HEADER_SEARCH_PATHS = (
					"/Users/jacobzeisel/Desktop/JUCE/modules/juce_audio_processors/format_types/VST3_SDK",
					"$(SRCROOT)/../../JuceLibraryCode",
					"/Users/jacobzeisel/Desktop/JUCE/modules",
					"/Users/jacobzeisel/Desktop/JUCE/modules/juce_audio_plugin_client",
					"$(inherited)",
				);
				INSTALL_PATH = "@executable_path/../Frameworks";
				LLVM_LTO = YES;
				MACOSX_DEPLOYMENT_TARGET = 10.11;
				MTL_HEADER_SEARCH_PATHS = "/Users/jacobzeisel/Desktop/JUCE/modules/juce_audio_processors/format_types/VST3_SDK $(SRCROOT)/../../JuceLibraryCode /Users/jacobzeisel/Desktop/JUCE/modules /Users/jacobzeisel/Desktop/JUCE/modules/juce_audio_plugin_client";
				PRODUCT_BUNDLE_IDENTIFIER = com.JZ.JZReverb;
				PRODUCT_NAME = "JZReverb";
				SKIP_INSTALL = YES;
				USE_HEADERMAP = NO;
				VALID_ARCHS = "i386 x86_64 arm64 arm64e";
			};
			name = Release;
		};
/* End XCBuildConfiguration section */

/* Begin XCConfigurationList section */
		164BC3C6DE1D9D0384930927 = {
			isa = XCConfigurationList;
			buildConfigurations = (
				2A4850B1A69473105777ED59,
				2027D08D994E3262EC1C6888,
			);
			defaultConfigurationIsVisible = 0;
			defaultConfigurationName = Debug;
		};
		2ED7F1000B56F66F34D0F6B8 = {
			isa = XCConfigurationList;
			buildConfigurations = (
				B0D85FFF47BAB71C75AE440E,
				4069F1A9954668396EE83BFE,
			);
			defaultConfigurationIsVisible = 0;
			defaultConfigurationName = Debug;
		};
		5DA664ECD6D32F7BF46B62E0 = {
			isa = XCConfigurationList;
			buildConfigurations = (
				4F9B5A05945322B3B97BB23D,
				8EEFA64358BC90938955325F,
			);
			defaultConfigurationIsVisible = 0;
			defaultConfigurationName = Debug;
		};
		8E3945DC4A9B442CC464F5EE = {
			isa = XCConfigurationList;
			buildConfigurations = (
				8430C8DC4C433810423040EF,
				EF8A81F57BD8008D86836465,
			);
			defaultConfigurationIsVisible = 0;
			defaultConfigurationName = Debug;
		};
		CA5940F6F5AD6D2F2FD2D13C = {
			isa = XCConfigurationList;
			buildConfigurations = (
				0645A734BB3C3F051A46E231,
				200056360467755591F6969E,
			);
			defaultConfigurationIsVisible = 0;
			defaultConfigurationName = Debug;
		};
/* End XCConfigurationList section */
	};
	rootObject = A0CBE1C1EF717FE482608116 /* Project object */;
}
